
Microsoft Visual Studio Solution File, Format Version 12.00
# Visual Studio 2012
Project("{FAE04EC0-301F-11D3-BF4B-00C04F79EFBC}") = "Regent", "Regent.csproj", "{6EF8B47C-3267-420C-AD19-67C3D68576EA}"
EndProject
Project("{FAE04EC0-301F-11D3-BF4B-00C04F79EFBC}") = "Regent.Tests", "Regent.Tests\Regent.Tests.csproj", "{8A787986-AA98-45D6-9491-DD4DA11EC67D}"
EndProject
Global
	GlobalSection(SolutionConfigurationPlatforms) = preSolution
		Debug|Any CPU = Debug|Any CPU
		Release|Any CPU = Release|Any CPU
	EndGlobalSection
	GlobalSection(ProjectConfigurationPlatforms) = postSolution
		{6EF8B47C-3267-420C-AD19-67C3D68576EA}.Debug|Any CPU.ActiveCfg = Debug|Any CPU
		{6EF8B47C-3267-420C-AD19-67C3D68576EA}.Debug|Any CPU.Build.0 = Debug|Any CPU
		{6EF8B47C-3267-420C-AD19-67C3D68576EA}.Release|Any CPU.ActiveCfg = Release|Any CPU
		{6EF8B47C-3267-420C-AD19-67C3D68576EA}.Release|Any CPU.Build.0 = Release|Any CPU
		{8A787986-AA98-45D6-9491-DD4DA11EC67D}.Debug|Any CPU.ActiveCfg = Debug|Any CPU
		{8A787986-AA98-45D6-9491-DD4DA11EC67D}.Debug|Any CPU.Build.0 = Debug|Any CPU
		{8A787986-AA98-45D6-9491-DD4DA11EC67D}.Release|Any CPU.ActiveCfg = Release|Any CPU
		{8A787986-AA98-45D6-9491-DD4DA11EC67D}.Release|Any CPU.Build.0 = Release|Any CPU
	EndGlobalSection
EndGlobal
